{
  "nodes": {
    "jev-dsl": {
      "flake": false,
      "locked": {
        "lastModified": 1791413637,
        "narHash": "sha256-U69UxL1CZ7dtgLQzl9MHce98RLyz7p6Fe1QYK3PoJ9w=",
        "owner": "inanna-malick",
        "repo": "jev-dsl",
        "rev": "2883fdc38cc7a64572e76ea43bd38e1df3a5e28b",
        "type": "github"
      },
      "original": {
        "owner": "inanna-malick",
        "repo": "jev-dsl",
        "rev": "2883fdc38cc7a64572e76ea43bd38e1df3a5e28b",
        "type": "github"
      }
    },
    "root": {
      "inputs": {
        "jev-dsl": "jev-dsl"
      }
    }
  },
  "root": "root",
  "version": 7
}
